
Microsoft Visual Studio Solution File, Format Version 12.00
# Visual Studio Version 17
VisualStudioVersion = 17.6.33723.286
MinimumVisualStudioVersion = 10.0.40219.1
Project("{8BC9CEB8-8B4A-11D0-8D11-00A0C91BC942}") = "test_7_20", "test_7_20.vcxproj", "{7EA2F704-FA4E-403B-BFC1-2412208670DE}"
EndProject
Global
	GlobalSection(SolutionConfigurationPlatforms) = preSolution
		Debug|x64 = Debug|x64
		Debug|x86 = Debug|x86
		Release|x64 = Release|x64
		Release|x86 = Release|x86
	EndGlobalSection
	GlobalSection(ProjectConfigurationPlatforms) = postSolution
		{7EA2F704-FA4E-403B-BFC1-2412208670DE}.Debug|x64.ActiveCfg = Debug|x64
		{7EA2F704-FA4E-403B-BFC1-2412208670DE}.Debug|x64.Build.0 = Debug|x64
		{7EA2F704-FA4E-403B-BFC1-2412208670DE}.Debug|x86.ActiveCfg = Debug|Win32
		{7EA2F704-FA4E-403B-BFC1-2412208670DE}.Debug|x86.Build.0 = Debug|Win32
		{7EA2F704-FA4E-403B-BFC1-2412208670DE}.Release|x64.ActiveCfg = Release|x64
		{7EA2F704-FA4E-403B-BFC1-2412208670DE}.Release|x64.Build.0 = Release|x64
		{7EA2F704-FA4E-403B-BFC1-2412208670DE}.Release|x86.ActiveCfg = Release|Win32
		{7EA2F704-FA4E-403B-BFC1-2412208670DE}.Release|x86.Build.0 = Release|Win32
	EndGlobalSection
	GlobalSection(SolutionProperties) = preSolution
		HideSolutionNode = FALSE
	EndGlobalSection
	GlobalSection(ExtensibilityGlobals) = postSolution
		SolutionGuid = {AC413A78-893C-4062-B1EC-05C0B471EE26}
	EndGlobalSection
EndGlobal
