
Microsoft Visual Studio Solution File, Format Version 12.00
# Visual Studio Version 17
VisualStudioVersion = 17.5.33516.290
MinimumVisualStudioVersion = 10.0.40219.1
Project("{8BC9CEB8-8B4A-11D0-8D11-00A0C91BC942}") = "test_4_7_programe", "test_4_7_programe.vcxproj", "{AE670DF1-96DD-4A58-B697-F2E455446A13}"
EndProject
Global
	GlobalSection(SolutionConfigurationPlatforms) = preSolution
		Debug|x64 = Debug|x64
		Debug|x86 = Debug|x86
		Release|x64 = Release|x64
		Release|x86 = Release|x86
	EndGlobalSection
	GlobalSection(ProjectConfigurationPlatforms) = postSolution
		{AE670DF1-96DD-4A58-B697-F2E455446A13}.Debug|x64.ActiveCfg = Debug|x64
		{AE670DF1-96DD-4A58-B697-F2E455446A13}.Debug|x64.Build.0 = Debug|x64
		{AE670DF1-96DD-4A58-B697-F2E455446A13}.Debug|x86.ActiveCfg = Debug|Win32
		{AE670DF1-96DD-4A58-B697-F2E455446A13}.Debug|x86.Build.0 = Debug|Win32
		{AE670DF1-96DD-4A58-B697-F2E455446A13}.Release|x64.ActiveCfg = Release|x64
		{AE670DF1-96DD-4A58-B697-F2E455446A13}.Release|x64.Build.0 = Release|x64
		{AE670DF1-96DD-4A58-B697-F2E455446A13}.Release|x86.ActiveCfg = Release|Win32
		{AE670DF1-96DD-4A58-B697-F2E455446A13}.Release|x86.Build.0 = Release|Win32
	EndGlobalSection
	GlobalSection(SolutionProperties) = preSolution
		HideSolutionNode = FALSE
	EndGlobalSection
	GlobalSection(ExtensibilityGlobals) = postSolution
		SolutionGuid = {34C80C3C-3C30-4231-953C-C6276B37D448}
	EndGlobalSection
EndGlobal
