
Microsoft Visual Studio Solution File, Format Version 12.00
# Visual Studio Version 17
VisualStudioVersion = 17.3.32922.545
MinimumVisualStudioVersion = 10.0.40219.1
Project("{8BC9CEB8-8B4A-11D0-8D11-00A0C91BC942}") = "test_3_19", "test_3_19.vcxproj", "{842674BB-B845-469E-AAD1-04C879C45F75}"
EndProject
Global
	GlobalSection(SolutionConfigurationPlatforms) = preSolution
		Debug|x64 = Debug|x64
		Debug|x86 = Debug|x86
		Release|x64 = Release|x64
		Release|x86 = Release|x86
	EndGlobalSection
	GlobalSection(ProjectConfigurationPlatforms) = postSolution
		{842674BB-B845-469E-AAD1-04C879C45F75}.Debug|x64.ActiveCfg = Debug|x64
		{842674BB-B845-469E-AAD1-04C879C45F75}.Debug|x64.Build.0 = Debug|x64
		{842674BB-B845-469E-AAD1-04C879C45F75}.Debug|x86.ActiveCfg = Debug|Win32
		{842674BB-B845-469E-AAD1-04C879C45F75}.Debug|x86.Build.0 = Debug|Win32
		{842674BB-B845-469E-AAD1-04C879C45F75}.Release|x64.ActiveCfg = Release|x64
		{842674BB-B845-469E-AAD1-04C879C45F75}.Release|x64.Build.0 = Release|x64
		{842674BB-B845-469E-AAD1-04C879C45F75}.Release|x86.ActiveCfg = Release|Win32
		{842674BB-B845-469E-AAD1-04C879C45F75}.Release|x86.Build.0 = Release|Win32
	EndGlobalSection
	GlobalSection(SolutionProperties) = preSolution
		HideSolutionNode = FALSE
	EndGlobalSection
	GlobalSection(ExtensibilityGlobals) = postSolution
		SolutionGuid = {E02262AD-843B-4408-9910-197CBC997944}
	EndGlobalSection
EndGlobal
