
Microsoft Visual Studio Solution File, Format Version 12.00
# Visual Studio Version 17
VisualStudioVersion = 17.3.32922.545
MinimumVisualStudioVersion = 10.0.40219.1
Project("{8BC9CEB8-8B4A-11D0-8D11-00A0C91BC942}") = "test_3_1", "test_3_1.vcxproj", "{70D2F2C0-D7FC-49B9-BE43-BA5024D3E411}"
EndProject
Global
	GlobalSection(SolutionConfigurationPlatforms) = preSolution
		Debug|x64 = Debug|x64
		Debug|x86 = Debug|x86
		Release|x64 = Release|x64
		Release|x86 = Release|x86
	EndGlobalSection
	GlobalSection(ProjectConfigurationPlatforms) = postSolution
		{70D2F2C0-D7FC-49B9-BE43-BA5024D3E411}.Debug|x64.ActiveCfg = Debug|x64
		{70D2F2C0-D7FC-49B9-BE43-BA5024D3E411}.Debug|x64.Build.0 = Debug|x64
		{70D2F2C0-D7FC-49B9-BE43-BA5024D3E411}.Debug|x86.ActiveCfg = Debug|Win32
		{70D2F2C0-D7FC-49B9-BE43-BA5024D3E411}.Debug|x86.Build.0 = Debug|Win32
		{70D2F2C0-D7FC-49B9-BE43-BA5024D3E411}.Release|x64.ActiveCfg = Release|x64
		{70D2F2C0-D7FC-49B9-BE43-BA5024D3E411}.Release|x64.Build.0 = Release|x64
		{70D2F2C0-D7FC-49B9-BE43-BA5024D3E411}.Release|x86.ActiveCfg = Release|Win32
		{70D2F2C0-D7FC-49B9-BE43-BA5024D3E411}.Release|x86.Build.0 = Release|Win32
	EndGlobalSection
	GlobalSection(SolutionProperties) = preSolution
		HideSolutionNode = FALSE
	EndGlobalSection
	GlobalSection(ExtensibilityGlobals) = postSolution
		SolutionGuid = {18CD982C-63CD-43B3-8084-A28E236EFC79}
	EndGlobalSection
EndGlobal
