
Microsoft Visual Studio Solution File, Format Version 12.00
# Visual Studio Version 17
VisualStudioVersion = 17.3.32922.545
MinimumVisualStudioVersion = 10.0.40219.1
Project("{8BC9CEB8-8B4A-11D0-8D11-00A0C91BC942}") = "Text_1_31", "Text_1_31.vcxproj", "{50507DF4-2E2F-45E3-8F9D-9CAB39882940}"
EndProject
Global
	GlobalSection(SolutionConfigurationPlatforms) = preSolution
		Debug|x64 = Debug|x64
		Debug|x86 = Debug|x86
		Release|x64 = Release|x64
		Release|x86 = Release|x86
	EndGlobalSection
	GlobalSection(ProjectConfigurationPlatforms) = postSolution
		{50507DF4-2E2F-45E3-8F9D-9CAB39882940}.Debug|x64.ActiveCfg = Debug|x64
		{50507DF4-2E2F-45E3-8F9D-9CAB39882940}.Debug|x64.Build.0 = Debug|x64
		{50507DF4-2E2F-45E3-8F9D-9CAB39882940}.Debug|x86.ActiveCfg = Debug|Win32
		{50507DF4-2E2F-45E3-8F9D-9CAB39882940}.Debug|x86.Build.0 = Debug|Win32
		{50507DF4-2E2F-45E3-8F9D-9CAB39882940}.Release|x64.ActiveCfg = Release|x64
		{50507DF4-2E2F-45E3-8F9D-9CAB39882940}.Release|x64.Build.0 = Release|x64
		{50507DF4-2E2F-45E3-8F9D-9CAB39882940}.Release|x86.ActiveCfg = Release|Win32
		{50507DF4-2E2F-45E3-8F9D-9CAB39882940}.Release|x86.Build.0 = Release|Win32
	EndGlobalSection
	GlobalSection(SolutionProperties) = preSolution
		HideSolutionNode = FALSE
	EndGlobalSection
	GlobalSection(ExtensibilityGlobals) = postSolution
		SolutionGuid = {CB954DEF-5C16-4737-8906-E89BC764DE89}
	EndGlobalSection
EndGlobal
