
Microsoft Visual Studio Solution File, Format Version 12.00
# Visual Studio Version 17
VisualStudioVersion = 17.5.33516.290
MinimumVisualStudioVersion = 10.0.40219.1
Project("{8BC9CEB8-8B4A-11D0-8D11-00A0C91BC942}") = "test_4_17", "test_4_17.vcxproj", "{E58628D2-049F-4CF8-AF6E-1D9A783C4BF4}"
EndProject
Global
	GlobalSection(SolutionConfigurationPlatforms) = preSolution
		Debug|x64 = Debug|x64
		Debug|x86 = Debug|x86
		Release|x64 = Release|x64
		Release|x86 = Release|x86
	EndGlobalSection
	GlobalSection(ProjectConfigurationPlatforms) = postSolution
		{E58628D2-049F-4CF8-AF6E-1D9A783C4BF4}.Debug|x64.ActiveCfg = Debug|x64
		{E58628D2-049F-4CF8-AF6E-1D9A783C4BF4}.Debug|x64.Build.0 = Debug|x64
		{E58628D2-049F-4CF8-AF6E-1D9A783C4BF4}.Debug|x86.ActiveCfg = Debug|Win32
		{E58628D2-049F-4CF8-AF6E-1D9A783C4BF4}.Debug|x86.Build.0 = Debug|Win32
		{E58628D2-049F-4CF8-AF6E-1D9A783C4BF4}.Release|x64.ActiveCfg = Release|x64
		{E58628D2-049F-4CF8-AF6E-1D9A783C4BF4}.Release|x64.Build.0 = Release|x64
		{E58628D2-049F-4CF8-AF6E-1D9A783C4BF4}.Release|x86.ActiveCfg = Release|Win32
		{E58628D2-049F-4CF8-AF6E-1D9A783C4BF4}.Release|x86.Build.0 = Release|Win32
	EndGlobalSection
	GlobalSection(SolutionProperties) = preSolution
		HideSolutionNode = FALSE
	EndGlobalSection
	GlobalSection(ExtensibilityGlobals) = postSolution
		SolutionGuid = {006AB2B2-FA5C-4F33-94E1-D106EDADC97B}
	EndGlobalSection
EndGlobal
