
Microsoft Visual Studio Solution File, Format Version 12.00
# Visual Studio Version 17
VisualStudioVersion = 17.5.33516.290
MinimumVisualStudioVersion = 10.0.40219.1
Project("{8BC9CEB8-8B4A-11D0-8D11-00A0C91BC942}") = "test_5_21", "test_5_21.vcxproj", "{50CCB919-05C8-4D7F-9110-E6BE6C0BE2C7}"
EndProject
Global
	GlobalSection(SolutionConfigurationPlatforms) = preSolution
		Debug|x64 = Debug|x64
		Debug|x86 = Debug|x86
		Release|x64 = Release|x64
		Release|x86 = Release|x86
	EndGlobalSection
	GlobalSection(ProjectConfigurationPlatforms) = postSolution
		{50CCB919-05C8-4D7F-9110-E6BE6C0BE2C7}.Debug|x64.ActiveCfg = Debug|x64
		{50CCB919-05C8-4D7F-9110-E6BE6C0BE2C7}.Debug|x64.Build.0 = Debug|x64
		{50CCB919-05C8-4D7F-9110-E6BE6C0BE2C7}.Debug|x86.ActiveCfg = Debug|Win32
		{50CCB919-05C8-4D7F-9110-E6BE6C0BE2C7}.Debug|x86.Build.0 = Debug|Win32
		{50CCB919-05C8-4D7F-9110-E6BE6C0BE2C7}.Release|x64.ActiveCfg = Release|x64
		{50CCB919-05C8-4D7F-9110-E6BE6C0BE2C7}.Release|x64.Build.0 = Release|x64
		{50CCB919-05C8-4D7F-9110-E6BE6C0BE2C7}.Release|x86.ActiveCfg = Release|Win32
		{50CCB919-05C8-4D7F-9110-E6BE6C0BE2C7}.Release|x86.Build.0 = Release|Win32
	EndGlobalSection
	GlobalSection(SolutionProperties) = preSolution
		HideSolutionNode = FALSE
	EndGlobalSection
	GlobalSection(ExtensibilityGlobals) = postSolution
		SolutionGuid = {ED18B17D-DDF5-41B1-8570-572B0DCA11C8}
	EndGlobalSection
EndGlobal
