
Microsoft Visual Studio Solution File, Format Version 12.00
# Visual Studio Version 17
VisualStudioVersion = 17.6.33723.286
MinimumVisualStudioVersion = 10.0.40219.1
Project("{8BC9CEB8-8B4A-11D0-8D11-00A0C91BC942}") = "test_8_2", "test_8_2.vcxproj", "{D821A929-5CF8-49A0-890D-56A483A3C31D}"
EndProject
Global
	GlobalSection(SolutionConfigurationPlatforms) = preSolution
		Debug|x64 = Debug|x64
		Debug|x86 = Debug|x86
		Release|x64 = Release|x64
		Release|x86 = Release|x86
	EndGlobalSection
	GlobalSection(ProjectConfigurationPlatforms) = postSolution
		{D821A929-5CF8-49A0-890D-56A483A3C31D}.Debug|x64.ActiveCfg = Debug|x64
		{D821A929-5CF8-49A0-890D-56A483A3C31D}.Debug|x64.Build.0 = Debug|x64
		{D821A929-5CF8-49A0-890D-56A483A3C31D}.Debug|x86.ActiveCfg = Debug|Win32
		{D821A929-5CF8-49A0-890D-56A483A3C31D}.Debug|x86.Build.0 = Debug|Win32
		{D821A929-5CF8-49A0-890D-56A483A3C31D}.Release|x64.ActiveCfg = Release|x64
		{D821A929-5CF8-49A0-890D-56A483A3C31D}.Release|x64.Build.0 = Release|x64
		{D821A929-5CF8-49A0-890D-56A483A3C31D}.Release|x86.ActiveCfg = Release|Win32
		{D821A929-5CF8-49A0-890D-56A483A3C31D}.Release|x86.Build.0 = Release|Win32
	EndGlobalSection
	GlobalSection(SolutionProperties) = preSolution
		HideSolutionNode = FALSE
	EndGlobalSection
	GlobalSection(ExtensibilityGlobals) = postSolution
		SolutionGuid = {859925C7-1CB8-415D-BADA-FEE29E41AFB0}
	EndGlobalSection
EndGlobal
